
Microsoft Visual Studio Solution File, Format Version 12.00
# Visual Studio Version 17
VisualStudioVersion = 17.3.32825.248
MinimumVisualStudioVersion = 10.0.40219.1
Project("{8BC9CEB8-8B4A-11D0-8D11-00A0C91BC942}") = "lab10(3)", "lab10(3).vcxproj", "{55CD0A2C-4D40-4B0E-8524-8D8BDE623106}"
EndProject
Global
	GlobalSection(SolutionConfigurationPlatforms) = preSolution
		Debug|x64 = Debug|x64
		Debug|x86 = Debug|x86
		Release|x64 = Release|x64
		Release|x86 = Release|x86
	EndGlobalSection
	GlobalSection(ProjectConfigurationPlatforms) = postSolution
		{55CD0A2C-4D40-4B0E-8524-8D8BDE623106}.Debug|x64.ActiveCfg = Debug|x64
		{55CD0A2C-4D40-4B0E-8524-8D8BDE623106}.Debug|x64.Build.0 = Debug|x64
		{55CD0A2C-4D40-4B0E-8524-8D8BDE623106}.Debug|x86.ActiveCfg = Debug|Win32
		{55CD0A2C-4D40-4B0E-8524-8D8BDE623106}.Debug|x86.Build.0 = Debug|Win32
		{55CD0A2C-4D40-4B0E-8524-8D8BDE623106}.Release|x64.ActiveCfg = Release|x64
		{55CD0A2C-4D40-4B0E-8524-8D8BDE623106}.Release|x64.Build.0 = Release|x64
		{55CD0A2C-4D40-4B0E-8524-8D8BDE623106}.Release|x86.ActiveCfg = Release|Win32
		{55CD0A2C-4D40-4B0E-8524-8D8BDE623106}.Release|x86.Build.0 = Release|Win32
	EndGlobalSection
	GlobalSection(SolutionProperties) = preSolution
		HideSolutionNode = FALSE
	EndGlobalSection
	GlobalSection(ExtensibilityGlobals) = postSolution
		SolutionGuid = {8458E453-E4A8-4AB4-9FC5-9868DFA6D72D}
	EndGlobalSection
EndGlobal
